
Microsoft Visual Studio Solution File, Format Version 12.00
# Visual Studio Version 16
VisualStudioVersion = 16.0.31829.152
MinimumVisualStudioVersion = 10.0.40219.1
Project("{FAE04EC0-301F-11D3-BF4B-00C04F79EFBC}") = "Task_CrystalMind", "Task_CrystalMind\Task_CrystalMind.csproj", "{B3CC8C6C-EFA8-46A4-9766-141AEACB36D8}"
EndProject
Global
	GlobalSection(SolutionConfigurationPlatforms) = preSolution
		Debug|Any CPU = Debug|Any CPU
		Release|Any CPU = Release|Any CPU
	EndGlobalSection
	GlobalSection(ProjectConfigurationPlatforms) = postSolution
		{B3CC8C6C-EFA8-46A4-9766-141AEACB36D8}.Debug|Any CPU.ActiveCfg = Debug|Any CPU
		{B3CC8C6C-EFA8-46A4-9766-141AEACB36D8}.Debug|Any CPU.Build.0 = Debug|Any CPU
		{B3CC8C6C-EFA8-46A4-9766-141AEACB36D8}.Release|Any CPU.ActiveCfg = Release|Any CPU
		{B3CC8C6C-EFA8-46A4-9766-141AEACB36D8}.Release|Any CPU.Build.0 = Release|Any CPU
	EndGlobalSection
	GlobalSection(SolutionProperties) = preSolution
		HideSolutionNode = FALSE
	EndGlobalSection
	GlobalSection(ExtensibilityGlobals) = postSolution
		SolutionGuid = {78AF0A34-E4C7-4D74-A61E-AA2C9CC3CF64}
	EndGlobalSection
EndGlobal
